
Microsoft Visual Studio Solution File, Format Version 12.00
# Visual Studio Version 17
VisualStudioVersion = 17.8.34511.84
MinimumVisualStudioVersion = 10.0.40219.1
Project("{FAE04EC0-301F-11D3-BF4B-00C04F79EFBC}") = "PlugNRate.Server", "PlugNRate.Server\PlugNRate.Server.csproj", "{3C8470AF-8E40-47CD-9A79-899F6D3E27F6}"
EndProject
Project("{54A90642-561A-4BB1-A94E-469ADEE60C69}") = "plugnrate.client", "plugnrate.client\plugnrate.client.esproj", "{6F461036-400C-4258-9880-FD76D35619A4}"
EndProject
Global
	GlobalSection(SolutionConfigurationPlatforms) = preSolution
		Debug|Any CPU = Debug|Any CPU
		Release|Any CPU = Release|Any CPU
	EndGlobalSection
	GlobalSection(ProjectConfigurationPlatforms) = postSolution
		{3C8470AF-8E40-47CD-9A79-899F6D3E27F6}.Debug|Any CPU.ActiveCfg = Debug|Any CPU
		{3C8470AF-8E40-47CD-9A79-899F6D3E27F6}.Debug|Any CPU.Build.0 = Debug|Any CPU
		{3C8470AF-8E40-47CD-9A79-899F6D3E27F6}.Release|Any CPU.ActiveCfg = Release|Any CPU
		{3C8470AF-8E40-47CD-9A79-899F6D3E27F6}.Release|Any CPU.Build.0 = Release|Any CPU
		{6F461036-400C-4258-9880-FD76D35619A4}.Debug|Any CPU.ActiveCfg = Debug|Any CPU
		{6F461036-400C-4258-9880-FD76D35619A4}.Debug|Any CPU.Build.0 = Debug|Any CPU
		{6F461036-400C-4258-9880-FD76D35619A4}.Debug|Any CPU.Deploy.0 = Debug|Any CPU
		{6F461036-400C-4258-9880-FD76D35619A4}.Release|Any CPU.ActiveCfg = Release|Any CPU
		{6F461036-400C-4258-9880-FD76D35619A4}.Release|Any CPU.Build.0 = Release|Any CPU
		{6F461036-400C-4258-9880-FD76D35619A4}.Release|Any CPU.Deploy.0 = Release|Any CPU
	EndGlobalSection
	GlobalSection(SolutionProperties) = preSolution
		HideSolutionNode = FALSE
	EndGlobalSection
	GlobalSection(ExtensibilityGlobals) = postSolution
		SolutionGuid = {ECB5B477-2D6F-4D11-81CC-9CB4FDE7487C}
	EndGlobalSection
EndGlobal
